
Microsoft Visual Studio Solution File, Format Version 12.00
# Visual Studio Version 16
VisualStudioVersion = 16.0.31702.278
MinimumVisualStudioVersion = 10.0.40219.1
Project("{9A19103F-16F7-4668-BE54-9A1E7A4F7556}") = "TimsAvaloniaControls", "TimsAvaloniaControls\TimsAvaloniaControls.csproj", "{3EF89C21-B66B-4AB2-8E38-3D137DB0D629}"
EndProject
Project("{FAE04EC0-301F-11D3-BF4B-00C04F79EFBC}") = "DemoApp", "DemoApp\DemoApp.csproj", "{1240BB92-BF20-4A5E-91F0-3F5B2A36D1C2}"
EndProject
Global
	GlobalSection(SolutionConfigurationPlatforms) = preSolution
		Debug|Any CPU = Debug|Any CPU
		Release|Any CPU = Release|Any CPU
	EndGlobalSection
	GlobalSection(ProjectConfigurationPlatforms) = postSolution
		{3EF89C21-B66B-4AB2-8E38-3D137DB0D629}.Debug|Any CPU.ActiveCfg = Debug|Any CPU
		{3EF89C21-B66B-4AB2-8E38-3D137DB0D629}.Debug|Any CPU.Build.0 = Debug|Any CPU
		{3EF89C21-B66B-4AB2-8E38-3D137DB0D629}.Release|Any CPU.ActiveCfg = Release|Any CPU
		{3EF89C21-B66B-4AB2-8E38-3D137DB0D629}.Release|Any CPU.Build.0 = Release|Any CPU
		{1240BB92-BF20-4A5E-91F0-3F5B2A36D1C2}.Debug|Any CPU.ActiveCfg = Debug|Any CPU
		{1240BB92-BF20-4A5E-91F0-3F5B2A36D1C2}.Debug|Any CPU.Build.0 = Debug|Any CPU
		{1240BB92-BF20-4A5E-91F0-3F5B2A36D1C2}.Release|Any CPU.ActiveCfg = Release|Any CPU
		{1240BB92-BF20-4A5E-91F0-3F5B2A36D1C2}.Release|Any CPU.Build.0 = Release|Any CPU
	EndGlobalSection
	GlobalSection(SolutionProperties) = preSolution
		HideSolutionNode = FALSE
	EndGlobalSection
	GlobalSection(ExtensibilityGlobals) = postSolution
		SolutionGuid = {CDDB6782-84E1-4106-B213-E8AED38448E2}
	EndGlobalSection
EndGlobal
